<?xml version="1.0" encoding="utf-8"?>
<Project ToolsVersion="4.0" xmlns="http://schemas.microsoft.com/developer/msbuild/2003">
  <ItemGroup>
    <ClCompile Include="DeviarePlugin.cpp" />
    <ClCompile Include="Addresses.c" />
    <ClCompile Include="InProc_DX11.cpp" />
    <ClCompile Include="InProc_DX9.cpp" />
  </ItemGroup>
  <ItemGroup>
    <ClInclude Include="DeviarePlugin.h" />
    <ClInclude Include="nvapi\nvapi.h">
      <Filter>nvapi</Filter>
    </ClInclude>
    <ClInclude Include="nvapi\nvapi_lite_common.h">
      <Filter>nvapi</Filter>
    </ClInclude>
    <ClInclude Include="nvapi\nvapi_lite_d3dext.h">
      <Filter>nvapi</Filter>
    </ClInclude>
    <ClInclude Include="nvapi\nvapi_lite_salend.h">
      <Filter>nvapi</Filter>
    </ClInclude>
    <ClInclude Include="nvapi\nvapi_lite_salstart.h">
      <Filter>nvapi</Filter>
    </ClInclude>
    <ClInclude Include="nvapi\nvapi_lite_sli.h">
      <Filter>nvapi</Filter>
    </ClInclude>
    <ClInclude Include="nvapi\nvapi_lite_stereo.h">
      <Filter>nvapi</Filter>
    </ClInclude>
    <ClInclude Include="nvapi\nvapi_lite_surround.h">
      <Filter>nvapi</Filter>
    </ClInclude>
    <ClInclude Include="nektra\NktHookLib.h">
      <Filter>nektra</Filter>
    </ClInclude>
  </ItemGroup>
  <ItemGroup>
    <None Include="DeviarePlugin.def" />
    <None Include="nektra\NktHookLib.pdb">
      <Filter>nektra</Filter>
    </None>
    <None Include="nektra\NktHookLib_Debug.pdb">
      <Filter>nektra</Filter>
    </None>
    <None Include="nektra\NktHookLib64.pdb">
      <Filter>nektra</Filter>
    </None>
    <None Include="nektra\NktHookLib64_Debug.pdb">
      <Filter>nektra</Filter>
    </None>
  </ItemGroup>
  <ItemGroup>
    <Filter Include="nvapi">
      <UniqueIdentifier>{bd9f962f-059d-4193-9a60-107fd8a83446}</UniqueIdentifier>
    </Filter>
    <Filter Include="nektra">
      <UniqueIdentifier>{b68a0538-510c-459f-906e-fc5d9b2afbb5}</UniqueIdentifier>
    </Filter>
  </ItemGroup>
  <ItemGroup>
    <Library Include="nektra\NktHookLib.lib">
      <Filter>nektra</Filter>
    </Library>
    <Library Include="nektra\NktHookLib_Debug.lib">
      <Filter>nektra</Filter>
    </Library>
    <Library Include="nektra\NktHookLib64.lib">
      <Filter>nektra</Filter>
    </Library>
    <Library Include="nektra\NktHookLib64_Debug.lib">
      <Filter>nektra</Filter>
    </Library>
  </ItemGroup>
</Project>