<?xml version="1.0" encoding="utf-8"?>
<Project ToolsVersion="4.0" xmlns="http://schemas.microsoft.com/developer/msbuild/2003">
  <ItemGroup>
    <ClCompile Include="DeviarePlugin.cpp" />
    <ClCompile Include="InProc.cpp" />
    <ClCompile Include="Addresses.c" />
  </ItemGroup>
  <ItemGroup>
    <ClInclude Include="DeviarePlugin.h" />
    <ClInclude Include="NktHookLib.h" />
    <ClInclude Include="nvapi\nvapi.h">
      <Filter>NvAPI</Filter>
    </ClInclude>
    <ClInclude Include="nvapi\nvapi_lite_common.h">
      <Filter>NvAPI</Filter>
    </ClInclude>
    <ClInclude Include="nvapi\nvapi_lite_d3dext.h">
      <Filter>NvAPI</Filter>
    </ClInclude>
    <ClInclude Include="nvapi\nvapi_lite_salend.h">
      <Filter>NvAPI</Filter>
    </ClInclude>
    <ClInclude Include="nvapi\nvapi_lite_salstart.h">
      <Filter>NvAPI</Filter>
    </ClInclude>
    <ClInclude Include="nvapi\nvapi_lite_sli.h">
      <Filter>NvAPI</Filter>
    </ClInclude>
    <ClInclude Include="nvapi\nvapi_lite_stereo.h">
      <Filter>NvAPI</Filter>
    </ClInclude>
    <ClInclude Include="nvapi\nvapi_lite_surround.h">
      <Filter>NvAPI</Filter>
    </ClInclude>
  </ItemGroup>
  <ItemGroup>
    <None Include="DeviarePlugin.def" />
  </ItemGroup>
  <ItemGroup>
    <Filter Include="NvAPI">
      <UniqueIdentifier>{dbac65c8-d8c8-4f85-881d-58bd5fda2593}</UniqueIdentifier>
    </Filter>
  </ItemGroup>
</Project>