
Microsoft Visual Studio Solution File, Format Version 12.00
# Visual Studio 15
Project("{FAE04EC0-301F-11D3-BF4B-00C04F79EFBC}") = "UnityScreenApp", "UnityScreenApp.csproj", "{1DCA0463-0316-2B23-DA4E-D67E09FE9217}"
EndProject
Project("{FAE04EC0-301F-11D3-BF4B-00C04F79EFBC}") = "UnityScreenApp.Editor", "UnityScreenApp.Editor.csproj", "{6958F6F5-62B4-BAAE-2413-3F5FC94111C8}"
EndProject
Global
	GlobalSection(SolutionConfigurationPlatforms) = preSolution
		Debug|Any CPU = Debug|Any CPU
		Release|Any CPU = Release|Any CPU
	EndGlobalSection
	GlobalSection(ProjectConfigurationPlatforms) = postSolution
		{1DCA0463-0316-2B23-DA4E-D67E09FE9217}.Debug|Any CPU.ActiveCfg = Debug|Any CPU
		{1DCA0463-0316-2B23-DA4E-D67E09FE9217}.Debug|Any CPU.Build.0 = Debug|Any CPU
		{1DCA0463-0316-2B23-DA4E-D67E09FE9217}.Release|Any CPU.ActiveCfg = Release|Any CPU
		{1DCA0463-0316-2B23-DA4E-D67E09FE9217}.Release|Any CPU.Build.0 = Release|Any CPU
		{6958F6F5-62B4-BAAE-2413-3F5FC94111C8}.Debug|Any CPU.ActiveCfg = Debug|Any CPU
		{6958F6F5-62B4-BAAE-2413-3F5FC94111C8}.Debug|Any CPU.Build.0 = Debug|Any CPU
		{6958F6F5-62B4-BAAE-2413-3F5FC94111C8}.Release|Any CPU.ActiveCfg = Release|Any CPU
		{6958F6F5-62B4-BAAE-2413-3F5FC94111C8}.Release|Any CPU.Build.0 = Release|Any CPU
	EndGlobalSection
	GlobalSection(SolutionProperties) = preSolution
		HideSolutionNode = FALSE
	EndGlobalSection
EndGlobal
