
Microsoft Visual Studio Solution File, Format Version 12.00
# Visual Studio 15
Project("{FAE04EC0-301F-11D3-BF4B-00C04F79EFBC}") = "Assembly-CSharp", "Assembly-CSharp.csproj", "{5BDA448D-9776-54DF-E388-E7581FC5DF8B}"
EndProject
Project("{FAE04EC0-301F-11D3-BF4B-00C04F79EFBC}") = "Assembly-CSharp-Editor", "Assembly-CSharp-Editor.csproj", "{7317D9A9-4118-C71A-CE59-189B459BFF18}"
EndProject
Global
	GlobalSection(SolutionConfigurationPlatforms) = preSolution
		Debug|Any CPU = Debug|Any CPU
		Release|Any CPU = Release|Any CPU
	EndGlobalSection
	GlobalSection(ProjectConfigurationPlatforms) = postSolution
		{5BDA448D-9776-54DF-E388-E7581FC5DF8B}.Debug|Any CPU.ActiveCfg = Debug|Any CPU
		{5BDA448D-9776-54DF-E388-E7581FC5DF8B}.Debug|Any CPU.Build.0 = Debug|Any CPU
		{5BDA448D-9776-54DF-E388-E7581FC5DF8B}.Release|Any CPU.ActiveCfg = Release|Any CPU
		{5BDA448D-9776-54DF-E388-E7581FC5DF8B}.Release|Any CPU.Build.0 = Release|Any CPU
		{7317D9A9-4118-C71A-CE59-189B459BFF18}.Debug|Any CPU.ActiveCfg = Debug|Any CPU
		{7317D9A9-4118-C71A-CE59-189B459BFF18}.Debug|Any CPU.Build.0 = Debug|Any CPU
		{7317D9A9-4118-C71A-CE59-189B459BFF18}.Release|Any CPU.ActiveCfg = Release|Any CPU
		{7317D9A9-4118-C71A-CE59-189B459BFF18}.Release|Any CPU.Build.0 = Release|Any CPU
	EndGlobalSection
	GlobalSection(SolutionProperties) = preSolution
		HideSolutionNode = FALSE
	EndGlobalSection
EndGlobal
